
Microsoft Visual Studio Solution File, Format Version 12.00
# Visual Studio Version 16
VisualStudioVersion = 16.0.31019.35
MinimumVisualStudioVersion = 10.0.40219.1
Project("{FAE04EC0-301F-11D3-BF4B-00C04F79EFBC}") = "HASH V2", "Diccionario de Datos\HASH V2.csproj", "{59FEED55-538D-4AD3-B8F5-463AF858DE8B}"
EndProject
Global
	GlobalSection(SolutionConfigurationPlatforms) = preSolution
		Debug|Any CPU = Debug|Any CPU
		Release|Any CPU = Release|Any CPU
	EndGlobalSection
	GlobalSection(ProjectConfigurationPlatforms) = postSolution
		{59FEED55-538D-4AD3-B8F5-463AF858DE8B}.Debug|Any CPU.ActiveCfg = Debug|Any CPU
		{59FEED55-538D-4AD3-B8F5-463AF858DE8B}.Debug|Any CPU.Build.0 = Debug|Any CPU
		{59FEED55-538D-4AD3-B8F5-463AF858DE8B}.Release|Any CPU.ActiveCfg = Release|Any CPU
		{59FEED55-538D-4AD3-B8F5-463AF858DE8B}.Release|Any CPU.Build.0 = Release|Any CPU
	EndGlobalSection
	GlobalSection(SolutionProperties) = preSolution
		HideSolutionNode = FALSE
	EndGlobalSection
	GlobalSection(ExtensibilityGlobals) = postSolution
		SolutionGuid = {2A786DE0-568E-41A5-9855-03E5CBB102CA}
	EndGlobalSection
EndGlobal
